
Microsoft Visual Studio Solution File, Format Version 12.00
# Visual Studio Version 16
VisualStudioVersion = 16.0.32901.82
MinimumVisualStudioVersion = 10.0.40219.1
Project("{9A19103F-16F7-4668-BE54-9A1E7A4F7556}") = "Lists - Exercise", "Lists - Exercise\Lists - Exercise.csproj", "{73E8ED4D-5FA7-4D75-B3D9-DADF001E445D}"
EndProject
Project("{9A19103F-16F7-4668-BE54-9A1E7A4F7556}") = "02. Change List", "02. Change List\02. Change List.csproj", "{82F43C79-D9D0-44C0-9B4D-CA9C1A448CD4}"
EndProject
Project("{9A19103F-16F7-4668-BE54-9A1E7A4F7556}") = "03. House Party", "03. House Party\03. House Party.csproj", "{9D825355-B641-4FC2-8B0D-C4D22157DCE2}"
EndProject
Project("{9A19103F-16F7-4668-BE54-9A1E7A4F7556}") = "04. List Operations", "04. List Operations\04. List Operations.csproj", "{75A9D2AB-0F65-4C1A-8FA9-EDFFCFB3F38B}"
EndProject
Project("{9A19103F-16F7-4668-BE54-9A1E7A4F7556}") = "05. Bomb Numbers", "05. Bomb Numbers\05. Bomb Numbers.csproj", "{EC3FDF37-C01E-4B7F-93A8-F72E7EEC4DDB}"
EndProject
Project("{9A19103F-16F7-4668-BE54-9A1E7A4F7556}") = "06. Cards Game", "06. Cards Game\06. Cards Game.csproj", "{AF3B9896-7542-48DE-B927-223A11F59CB4}"
EndProject
Project("{9A19103F-16F7-4668-BE54-9A1E7A4F7556}") = "07. Append Arrays", "07. Append Arrays\07. Append Arrays.csproj", "{A3C74C23-9EBA-4C41-B3E8-3A9F6970B2FB}"
EndProject
Global
	GlobalSection(SolutionConfigurationPlatforms) = preSolution
		Debug|Any CPU = Debug|Any CPU
		Release|Any CPU = Release|Any CPU
	EndGlobalSection
	GlobalSection(ProjectConfigurationPlatforms) = postSolution
		{73E8ED4D-5FA7-4D75-B3D9-DADF001E445D}.Debug|Any CPU.ActiveCfg = Debug|Any CPU
		{73E8ED4D-5FA7-4D75-B3D9-DADF001E445D}.Debug|Any CPU.Build.0 = Debug|Any CPU
		{73E8ED4D-5FA7-4D75-B3D9-DADF001E445D}.Release|Any CPU.ActiveCfg = Release|Any CPU
		{73E8ED4D-5FA7-4D75-B3D9-DADF001E445D}.Release|Any CPU.Build.0 = Release|Any CPU
		{82F43C79-D9D0-44C0-9B4D-CA9C1A448CD4}.Debug|Any CPU.ActiveCfg = Debug|Any CPU
		{82F43C79-D9D0-44C0-9B4D-CA9C1A448CD4}.Debug|Any CPU.Build.0 = Debug|Any CPU
		{82F43C79-D9D0-44C0-9B4D-CA9C1A448CD4}.Release|Any CPU.ActiveCfg = Release|Any CPU
		{82F43C79-D9D0-44C0-9B4D-CA9C1A448CD4}.Release|Any CPU.Build.0 = Release|Any CPU
		{9D825355-B641-4FC2-8B0D-C4D22157DCE2}.Debug|Any CPU.ActiveCfg = Debug|Any CPU
		{9D825355-B641-4FC2-8B0D-C4D22157DCE2}.Debug|Any CPU.Build.0 = Debug|Any CPU
		{9D825355-B641-4FC2-8B0D-C4D22157DCE2}.Release|Any CPU.ActiveCfg = Release|Any CPU
		{9D825355-B641-4FC2-8B0D-C4D22157DCE2}.Release|Any CPU.Build.0 = Release|Any CPU
		{75A9D2AB-0F65-4C1A-8FA9-EDFFCFB3F38B}.Debug|Any CPU.ActiveCfg = Debug|Any CPU
		{75A9D2AB-0F65-4C1A-8FA9-EDFFCFB3F38B}.Debug|Any CPU.Build.0 = Debug|Any CPU
		{75A9D2AB-0F65-4C1A-8FA9-EDFFCFB3F38B}.Release|Any CPU.ActiveCfg = Release|Any CPU
		{75A9D2AB-0F65-4C1A-8FA9-EDFFCFB3F38B}.Release|Any CPU.Build.0 = Release|Any CPU
		{EC3FDF37-C01E-4B7F-93A8-F72E7EEC4DDB}.Debug|Any CPU.ActiveCfg = Debug|Any CPU
		{EC3FDF37-C01E-4B7F-93A8-F72E7EEC4DDB}.Debug|Any CPU.Build.0 = Debug|Any CPU
		{EC3FDF37-C01E-4B7F-93A8-F72E7EEC4DDB}.Release|Any CPU.ActiveCfg = Release|Any CPU
		{EC3FDF37-C01E-4B7F-93A8-F72E7EEC4DDB}.Release|Any CPU.Build.0 = Release|Any CPU
		{AF3B9896-7542-48DE-B927-223A11F59CB4}.Debug|Any CPU.ActiveCfg = Debug|Any CPU
		{AF3B9896-7542-48DE-B927-223A11F59CB4}.Debug|Any CPU.Build.0 = Debug|Any CPU
		{AF3B9896-7542-48DE-B927-223A11F59CB4}.Release|Any CPU.ActiveCfg = Release|Any CPU
		{AF3B9896-7542-48DE-B927-223A11F59CB4}.Release|Any CPU.Build.0 = Release|Any CPU
		{A3C74C23-9EBA-4C41-B3E8-3A9F6970B2FB}.Debug|Any CPU.ActiveCfg = Debug|Any CPU
		{A3C74C23-9EBA-4C41-B3E8-3A9F6970B2FB}.Debug|Any CPU.Build.0 = Debug|Any CPU
		{A3C74C23-9EBA-4C41-B3E8-3A9F6970B2FB}.Release|Any CPU.ActiveCfg = Release|Any CPU
		{A3C74C23-9EBA-4C41-B3E8-3A9F6970B2FB}.Release|Any CPU.Build.0 = Release|Any CPU
	EndGlobalSection
	GlobalSection(SolutionProperties) = preSolution
		HideSolutionNode = FALSE
	EndGlobalSection
	GlobalSection(ExtensibilityGlobals) = postSolution
		SolutionGuid = {5510CA7E-593F-4950-B9F2-E6F2A88D9DA8}
	EndGlobalSection
EndGlobal
