
Microsoft Visual Studio Solution File, Format Version 12.00
# Visual Studio Version 16
VisualStudioVersion = 16.0.32002.261
MinimumVisualStudioVersion = 10.0.40219.1
Project("{FAE04EC0-301F-11D3-BF4B-00C04F79EFBC}") = "Nested Loops - Lab", "Nested Loops - Lab\Nested Loops - Lab.csproj", "{3EB08591-390B-418A-A6F7-F95C3ABD58B7}"
EndProject
Project("{FAE04EC0-301F-11D3-BF4B-00C04F79EFBC}") = "01. Clock", "01. Clock\01. Clock.csproj", "{8917F271-55F8-42CB-8A01-98297909923C}"
EndProject
Project("{FAE04EC0-301F-11D3-BF4B-00C04F79EFBC}") = "02. Multiplication Table", "02. Multiplication Table\02. Multiplication Table.csproj", "{9D38092C-6C45-4F96-9AA9-9D78B8A1FF58}"
EndProject
Project("{FAE04EC0-301F-11D3-BF4B-00C04F79EFBC}") = "03. Combinations", "03. Combinations\03. Combinations.csproj", "{5EEE3CE0-D195-4BDE-B092-75F0DC5B2C3A}"
EndProject
Project("{FAE04EC0-301F-11D3-BF4B-00C04F79EFBC}") = "04. Sum of Two Numbers", "04. Sum of Two Numbers\04. Sum of Two Numbers.csproj", "{92453ED2-2F05-4055-BBCE-AA13CDEDE722}"
EndProject
Global
	GlobalSection(SolutionConfigurationPlatforms) = preSolution
		Debug|Any CPU = Debug|Any CPU
		Release|Any CPU = Release|Any CPU
	EndGlobalSection
	GlobalSection(ProjectConfigurationPlatforms) = postSolution
		{3EB08591-390B-418A-A6F7-F95C3ABD58B7}.Debug|Any CPU.ActiveCfg = Debug|Any CPU
		{3EB08591-390B-418A-A6F7-F95C3ABD58B7}.Debug|Any CPU.Build.0 = Debug|Any CPU
		{3EB08591-390B-418A-A6F7-F95C3ABD58B7}.Release|Any CPU.ActiveCfg = Release|Any CPU
		{3EB08591-390B-418A-A6F7-F95C3ABD58B7}.Release|Any CPU.Build.0 = Release|Any CPU
		{8917F271-55F8-42CB-8A01-98297909923C}.Debug|Any CPU.ActiveCfg = Debug|Any CPU
		{8917F271-55F8-42CB-8A01-98297909923C}.Debug|Any CPU.Build.0 = Debug|Any CPU
		{8917F271-55F8-42CB-8A01-98297909923C}.Release|Any CPU.ActiveCfg = Release|Any CPU
		{8917F271-55F8-42CB-8A01-98297909923C}.Release|Any CPU.Build.0 = Release|Any CPU
		{9D38092C-6C45-4F96-9AA9-9D78B8A1FF58}.Debug|Any CPU.ActiveCfg = Debug|Any CPU
		{9D38092C-6C45-4F96-9AA9-9D78B8A1FF58}.Debug|Any CPU.Build.0 = Debug|Any CPU
		{9D38092C-6C45-4F96-9AA9-9D78B8A1FF58}.Release|Any CPU.ActiveCfg = Release|Any CPU
		{9D38092C-6C45-4F96-9AA9-9D78B8A1FF58}.Release|Any CPU.Build.0 = Release|Any CPU
		{5EEE3CE0-D195-4BDE-B092-75F0DC5B2C3A}.Debug|Any CPU.ActiveCfg = Debug|Any CPU
		{5EEE3CE0-D195-4BDE-B092-75F0DC5B2C3A}.Debug|Any CPU.Build.0 = Debug|Any CPU
		{5EEE3CE0-D195-4BDE-B092-75F0DC5B2C3A}.Release|Any CPU.ActiveCfg = Release|Any CPU
		{5EEE3CE0-D195-4BDE-B092-75F0DC5B2C3A}.Release|Any CPU.Build.0 = Release|Any CPU
		{92453ED2-2F05-4055-BBCE-AA13CDEDE722}.Debug|Any CPU.ActiveCfg = Debug|Any CPU
		{92453ED2-2F05-4055-BBCE-AA13CDEDE722}.Debug|Any CPU.Build.0 = Debug|Any CPU
		{92453ED2-2F05-4055-BBCE-AA13CDEDE722}.Release|Any CPU.ActiveCfg = Release|Any CPU
		{92453ED2-2F05-4055-BBCE-AA13CDEDE722}.Release|Any CPU.Build.0 = Release|Any CPU
	EndGlobalSection
	GlobalSection(SolutionProperties) = preSolution
		HideSolutionNode = FALSE
	EndGlobalSection
	GlobalSection(ExtensibilityGlobals) = postSolution
		SolutionGuid = {E757544C-BBDE-4F09-943F-E1772EE78E07}
	EndGlobalSection
EndGlobal
