
Microsoft Visual Studio Solution File, Format Version 12.00
# Visual Studio Version 17
VisualStudioVersion = 17.4.33103.184
MinimumVisualStudioVersion = 10.0.40219.1
Project("{9A19103F-16F7-4668-BE54-9A1E7A4F7556}") = "Regular Expressions", "Regular Expressions\Regular Expressions.csproj", "{37F1654E-5AE7-4848-BCB0-7BC24178951C}"
EndProject
Project("{9A19103F-16F7-4668-BE54-9A1E7A4F7556}") = "02. Race", "02. Race\02. Race.csproj", "{AD5D402F-85D2-44B5-B062-E8783F72F5A7}"
EndProject
Project("{9A19103F-16F7-4668-BE54-9A1E7A4F7556}") = "03. SoftUni Bar Income", "03. SoftUni Bar Income\03. SoftUni Bar Income.csproj", "{12A40887-6D51-419F-BC74-207BF1606B7D}"
EndProject
Project("{FAE04EC0-301F-11D3-BF4B-00C04F79EFBC}") = "04. Star Enigma", "04. Star Enigma\04. Star Enigma.csproj", "{43931D02-2412-40AF-A48D-643FE6AD2479}"
EndProject
Global
	GlobalSection(SolutionConfigurationPlatforms) = preSolution
		Debug|Any CPU = Debug|Any CPU
		Release|Any CPU = Release|Any CPU
	EndGlobalSection
	GlobalSection(ProjectConfigurationPlatforms) = postSolution
		{37F1654E-5AE7-4848-BCB0-7BC24178951C}.Debug|Any CPU.ActiveCfg = Debug|Any CPU
		{37F1654E-5AE7-4848-BCB0-7BC24178951C}.Debug|Any CPU.Build.0 = Debug|Any CPU
		{37F1654E-5AE7-4848-BCB0-7BC24178951C}.Release|Any CPU.ActiveCfg = Release|Any CPU
		{37F1654E-5AE7-4848-BCB0-7BC24178951C}.Release|Any CPU.Build.0 = Release|Any CPU
		{AD5D402F-85D2-44B5-B062-E8783F72F5A7}.Debug|Any CPU.ActiveCfg = Debug|Any CPU
		{AD5D402F-85D2-44B5-B062-E8783F72F5A7}.Debug|Any CPU.Build.0 = Debug|Any CPU
		{AD5D402F-85D2-44B5-B062-E8783F72F5A7}.Release|Any CPU.ActiveCfg = Release|Any CPU
		{AD5D402F-85D2-44B5-B062-E8783F72F5A7}.Release|Any CPU.Build.0 = Release|Any CPU
		{12A40887-6D51-419F-BC74-207BF1606B7D}.Debug|Any CPU.ActiveCfg = Debug|Any CPU
		{12A40887-6D51-419F-BC74-207BF1606B7D}.Debug|Any CPU.Build.0 = Debug|Any CPU
		{12A40887-6D51-419F-BC74-207BF1606B7D}.Release|Any CPU.ActiveCfg = Release|Any CPU
		{12A40887-6D51-419F-BC74-207BF1606B7D}.Release|Any CPU.Build.0 = Release|Any CPU
		{43931D02-2412-40AF-A48D-643FE6AD2479}.Debug|Any CPU.ActiveCfg = Debug|Any CPU
		{43931D02-2412-40AF-A48D-643FE6AD2479}.Debug|Any CPU.Build.0 = Debug|Any CPU
		{43931D02-2412-40AF-A48D-643FE6AD2479}.Release|Any CPU.ActiveCfg = Release|Any CPU
		{43931D02-2412-40AF-A48D-643FE6AD2479}.Release|Any CPU.Build.0 = Release|Any CPU
	EndGlobalSection
	GlobalSection(SolutionProperties) = preSolution
		HideSolutionNode = FALSE
	EndGlobalSection
	GlobalSection(ExtensibilityGlobals) = postSolution
		SolutionGuid = {3ADEA5DE-422D-4A28-84ED-2A9A2B4BDEAB}
	EndGlobalSection
EndGlobal
