
Microsoft Visual Studio Solution File, Format Version 12.00
# Visual Studio Version 17
VisualStudioVersion = 17.4.33103.184
MinimumVisualStudioVersion = 10.0.40219.1
Project("{9A19103F-16F7-4668-BE54-9A1E7A4F7556}") = "EncapsulationExercise", "EncapsulationExercise\EncapsulationExercise.csproj", "{ACB4796E-E43E-4BA9-9546-84C4C164653C}"
EndProject
Project("{9A19103F-16F7-4668-BE54-9A1E7A4F7556}") = "ShoppingSpree", "ShoppingSpree\ShoppingSpree.csproj", "{534DEDB3-DAAC-45F4-8409-6C76F9CFF9ED}"
EndProject
Project("{FAE04EC0-301F-11D3-BF4B-00C04F79EFBC}") = "PizzaCalories", "PizzaCalories\PizzaCalories.csproj", "{363A55D6-4595-402D-8D0A-64C50B218912}"
EndProject
Global
	GlobalSection(SolutionConfigurationPlatforms) = preSolution
		Debug|Any CPU = Debug|Any CPU
		Release|Any CPU = Release|Any CPU
	EndGlobalSection
	GlobalSection(ProjectConfigurationPlatforms) = postSolution
		{ACB4796E-E43E-4BA9-9546-84C4C164653C}.Debug|Any CPU.ActiveCfg = Debug|Any CPU
		{ACB4796E-E43E-4BA9-9546-84C4C164653C}.Debug|Any CPU.Build.0 = Debug|Any CPU
		{ACB4796E-E43E-4BA9-9546-84C4C164653C}.Release|Any CPU.ActiveCfg = Release|Any CPU
		{ACB4796E-E43E-4BA9-9546-84C4C164653C}.Release|Any CPU.Build.0 = Release|Any CPU
		{534DEDB3-DAAC-45F4-8409-6C76F9CFF9ED}.Debug|Any CPU.ActiveCfg = Debug|Any CPU
		{534DEDB3-DAAC-45F4-8409-6C76F9CFF9ED}.Debug|Any CPU.Build.0 = Debug|Any CPU
		{534DEDB3-DAAC-45F4-8409-6C76F9CFF9ED}.Release|Any CPU.ActiveCfg = Release|Any CPU
		{534DEDB3-DAAC-45F4-8409-6C76F9CFF9ED}.Release|Any CPU.Build.0 = Release|Any CPU
		{363A55D6-4595-402D-8D0A-64C50B218912}.Debug|Any CPU.ActiveCfg = Debug|Any CPU
		{363A55D6-4595-402D-8D0A-64C50B218912}.Debug|Any CPU.Build.0 = Debug|Any CPU
		{363A55D6-4595-402D-8D0A-64C50B218912}.Release|Any CPU.ActiveCfg = Release|Any CPU
		{363A55D6-4595-402D-8D0A-64C50B218912}.Release|Any CPU.Build.0 = Release|Any CPU
	EndGlobalSection
	GlobalSection(SolutionProperties) = preSolution
		HideSolutionNode = FALSE
	EndGlobalSection
	GlobalSection(ExtensibilityGlobals) = postSolution
		SolutionGuid = {6759CE23-BB81-4CAB-BE6B-35E1BB82F233}
	EndGlobalSection
EndGlobal
