
Microsoft Visual Studio Solution File, Format Version 12.00
# Visual Studio Version 16
VisualStudioVersion = 16.0.32002.261
MinimumVisualStudioVersion = 10.0.40219.1
Project("{9A19103F-16F7-4668-BE54-9A1E7A4F7556}") = "Conditional Statements Advanced - Exercise", "Conditional Statements Advanced - Exercise\Conditional Statements Advanced - Exercise.csproj", "{D738FC0F-F0C0-4E9B-A7A6-549BE858448A}"
EndProject
Project("{9A19103F-16F7-4668-BE54-9A1E7A4F7556}") = "02. Summer Outfit", "02. Summer Outfit\02. Summer Outfit.csproj", "{8ED065CC-6AD4-46B9-A95B-C6876F02BB53}"
EndProject
Project("{9A19103F-16F7-4668-BE54-9A1E7A4F7556}") = "03. New House", "03. New House\03. New House.csproj", "{8FB82AE9-7B55-4F90-82A8-2CCE9D46163C}"
EndProject
Project("{9A19103F-16F7-4668-BE54-9A1E7A4F7556}") = "04. Fishing Boat", "04. Fishing Boat\04. Fishing Boat.csproj", "{EE19D5C4-9E09-4681-936D-52A4622F75A5}"
EndProject
Project("{9A19103F-16F7-4668-BE54-9A1E7A4F7556}") = "05. Journey", "05. Journey\05. Journey.csproj", "{BA4480E7-7E36-4A59-9223-80773353C6AD}"
EndProject
Project("{9A19103F-16F7-4668-BE54-9A1E7A4F7556}") = "06. Operations Between Numbers", "06. Operations Between Numbers\06. Operations Between Numbers.csproj", "{48B3F215-83FE-4B55-B95D-EC18FEDE9124}"
EndProject
Project("{FAE04EC0-301F-11D3-BF4B-00C04F79EFBC}") = "07. Hotel Room", "07. Hotel Room\07. Hotel Room.csproj", "{DE54BE2C-81EF-4686-B545-B9A376719AF4}"
EndProject
Project("{FAE04EC0-301F-11D3-BF4B-00C04F79EFBC}") = "08. On Time for the Exam", "08. On Time for the Exam\08. On Time for the Exam.csproj", "{48B928C3-6B7B-459D-AC8A-D8BCB998CF7B}"
EndProject
Project("{FAE04EC0-301F-11D3-BF4B-00C04F79EFBC}") = "09. Ski Trip", "09. Ski Trip\09. Ski Trip.csproj", "{B5C31E08-9D03-4BB2-9D54-167F94CBEF2C}"
EndProject
Global
	GlobalSection(SolutionConfigurationPlatforms) = preSolution
		Debug|Any CPU = Debug|Any CPU
		Release|Any CPU = Release|Any CPU
	EndGlobalSection
	GlobalSection(ProjectConfigurationPlatforms) = postSolution
		{D738FC0F-F0C0-4E9B-A7A6-549BE858448A}.Debug|Any CPU.ActiveCfg = Debug|Any CPU
		{D738FC0F-F0C0-4E9B-A7A6-549BE858448A}.Debug|Any CPU.Build.0 = Debug|Any CPU
		{D738FC0F-F0C0-4E9B-A7A6-549BE858448A}.Release|Any CPU.ActiveCfg = Release|Any CPU
		{D738FC0F-F0C0-4E9B-A7A6-549BE858448A}.Release|Any CPU.Build.0 = Release|Any CPU
		{8ED065CC-6AD4-46B9-A95B-C6876F02BB53}.Debug|Any CPU.ActiveCfg = Debug|Any CPU
		{8ED065CC-6AD4-46B9-A95B-C6876F02BB53}.Debug|Any CPU.Build.0 = Debug|Any CPU
		{8ED065CC-6AD4-46B9-A95B-C6876F02BB53}.Release|Any CPU.ActiveCfg = Release|Any CPU
		{8ED065CC-6AD4-46B9-A95B-C6876F02BB53}.Release|Any CPU.Build.0 = Release|Any CPU
		{8FB82AE9-7B55-4F90-82A8-2CCE9D46163C}.Debug|Any CPU.ActiveCfg = Debug|Any CPU
		{8FB82AE9-7B55-4F90-82A8-2CCE9D46163C}.Debug|Any CPU.Build.0 = Debug|Any CPU
		{8FB82AE9-7B55-4F90-82A8-2CCE9D46163C}.Release|Any CPU.ActiveCfg = Release|Any CPU
		{8FB82AE9-7B55-4F90-82A8-2CCE9D46163C}.Release|Any CPU.Build.0 = Release|Any CPU
		{EE19D5C4-9E09-4681-936D-52A4622F75A5}.Debug|Any CPU.ActiveCfg = Debug|Any CPU
		{EE19D5C4-9E09-4681-936D-52A4622F75A5}.Debug|Any CPU.Build.0 = Debug|Any CPU
		{EE19D5C4-9E09-4681-936D-52A4622F75A5}.Release|Any CPU.ActiveCfg = Release|Any CPU
		{EE19D5C4-9E09-4681-936D-52A4622F75A5}.Release|Any CPU.Build.0 = Release|Any CPU
		{BA4480E7-7E36-4A59-9223-80773353C6AD}.Debug|Any CPU.ActiveCfg = Debug|Any CPU
		{BA4480E7-7E36-4A59-9223-80773353C6AD}.Debug|Any CPU.Build.0 = Debug|Any CPU
		{BA4480E7-7E36-4A59-9223-80773353C6AD}.Release|Any CPU.ActiveCfg = Release|Any CPU
		{BA4480E7-7E36-4A59-9223-80773353C6AD}.Release|Any CPU.Build.0 = Release|Any CPU
		{48B3F215-83FE-4B55-B95D-EC18FEDE9124}.Debug|Any CPU.ActiveCfg = Debug|Any CPU
		{48B3F215-83FE-4B55-B95D-EC18FEDE9124}.Debug|Any CPU.Build.0 = Debug|Any CPU
		{48B3F215-83FE-4B55-B95D-EC18FEDE9124}.Release|Any CPU.ActiveCfg = Release|Any CPU
		{48B3F215-83FE-4B55-B95D-EC18FEDE9124}.Release|Any CPU.Build.0 = Release|Any CPU
		{DE54BE2C-81EF-4686-B545-B9A376719AF4}.Debug|Any CPU.ActiveCfg = Debug|Any CPU
		{DE54BE2C-81EF-4686-B545-B9A376719AF4}.Debug|Any CPU.Build.0 = Debug|Any CPU
		{DE54BE2C-81EF-4686-B545-B9A376719AF4}.Release|Any CPU.ActiveCfg = Release|Any CPU
		{DE54BE2C-81EF-4686-B545-B9A376719AF4}.Release|Any CPU.Build.0 = Release|Any CPU
		{48B928C3-6B7B-459D-AC8A-D8BCB998CF7B}.Debug|Any CPU.ActiveCfg = Debug|Any CPU
		{48B928C3-6B7B-459D-AC8A-D8BCB998CF7B}.Debug|Any CPU.Build.0 = Debug|Any CPU
		{48B928C3-6B7B-459D-AC8A-D8BCB998CF7B}.Release|Any CPU.ActiveCfg = Release|Any CPU
		{48B928C3-6B7B-459D-AC8A-D8BCB998CF7B}.Release|Any CPU.Build.0 = Release|Any CPU
		{B5C31E08-9D03-4BB2-9D54-167F94CBEF2C}.Debug|Any CPU.ActiveCfg = Debug|Any CPU
		{B5C31E08-9D03-4BB2-9D54-167F94CBEF2C}.Debug|Any CPU.Build.0 = Debug|Any CPU
		{B5C31E08-9D03-4BB2-9D54-167F94CBEF2C}.Release|Any CPU.ActiveCfg = Release|Any CPU
		{B5C31E08-9D03-4BB2-9D54-167F94CBEF2C}.Release|Any CPU.Build.0 = Release|Any CPU
	EndGlobalSection
	GlobalSection(SolutionProperties) = preSolution
		HideSolutionNode = FALSE
	EndGlobalSection
	GlobalSection(ExtensibilityGlobals) = postSolution
		SolutionGuid = {AAE7D193-074A-42DE-8D35-C41866992D99}
	EndGlobalSection
EndGlobal
