
Microsoft Visual Studio Solution File, Format Version 12.00
# Visual Studio Version 17
VisualStudioVersion = 17.4.33103.184
MinimumVisualStudioVersion = 10.0.40219.1
Project("{FAE04EC0-301F-11D3-BF4B-00C04F79EFBC}") = "Final_Exam_Preparation", "Final_Exam_Preparation\Final_Exam_Preparation.csproj", "{37003367-7F05-4275-8CD5-F2EC495DDBDE}"
EndProject
Global
	GlobalSection(SolutionConfigurationPlatforms) = preSolution
		Debug|Any CPU = Debug|Any CPU
		Release|Any CPU = Release|Any CPU
	EndGlobalSection
	GlobalSection(ProjectConfigurationPlatforms) = postSolution
		{37003367-7F05-4275-8CD5-F2EC495DDBDE}.Debug|Any CPU.ActiveCfg = Debug|Any CPU
		{37003367-7F05-4275-8CD5-F2EC495DDBDE}.Debug|Any CPU.Build.0 = Debug|Any CPU
		{37003367-7F05-4275-8CD5-F2EC495DDBDE}.Release|Any CPU.ActiveCfg = Release|Any CPU
		{37003367-7F05-4275-8CD5-F2EC495DDBDE}.Release|Any CPU.Build.0 = Release|Any CPU
	EndGlobalSection
	GlobalSection(SolutionProperties) = preSolution
		HideSolutionNode = FALSE
	EndGlobalSection
	GlobalSection(ExtensibilityGlobals) = postSolution
		SolutionGuid = {F5BE25DB-9435-4A0D-AEB6-0F0B125445A1}
	EndGlobalSection
EndGlobal
