
Microsoft Visual Studio Solution File, Format Version 12.00
# Visual Studio Version 17
VisualStudioVersion = 17.4.33103.184
MinimumVisualStudioVersion = 10.0.40219.1
Project("{9A19103F-16F7-4668-BE54-9A1E7A4F7556}") = "ExamPreparationAdvanced2", "ExamPreparationAdvanced2\ExamPreparationAdvanced2.csproj", "{60111301-EEA3-4A72-AD26-ABCD6318DD3E}"
EndProject
Project("{FAE04EC0-301F-11D3-BF4B-00C04F79EFBC}") = "NavyBattle", "NavyBattle\NavyBattle.csproj", "{FA8E8774-44B8-48F2-ACD6-D6FE4B0BA27F}"
EndProject
Global
	GlobalSection(SolutionConfigurationPlatforms) = preSolution
		Debug|Any CPU = Debug|Any CPU
		Release|Any CPU = Release|Any CPU
	EndGlobalSection
	GlobalSection(ProjectConfigurationPlatforms) = postSolution
		{60111301-EEA3-4A72-AD26-ABCD6318DD3E}.Debug|Any CPU.ActiveCfg = Debug|Any CPU
		{60111301-EEA3-4A72-AD26-ABCD6318DD3E}.Debug|Any CPU.Build.0 = Debug|Any CPU
		{60111301-EEA3-4A72-AD26-ABCD6318DD3E}.Release|Any CPU.ActiveCfg = Release|Any CPU
		{60111301-EEA3-4A72-AD26-ABCD6318DD3E}.Release|Any CPU.Build.0 = Release|Any CPU
		{FA8E8774-44B8-48F2-ACD6-D6FE4B0BA27F}.Debug|Any CPU.ActiveCfg = Debug|Any CPU
		{FA8E8774-44B8-48F2-ACD6-D6FE4B0BA27F}.Debug|Any CPU.Build.0 = Debug|Any CPU
		{FA8E8774-44B8-48F2-ACD6-D6FE4B0BA27F}.Release|Any CPU.ActiveCfg = Release|Any CPU
		{FA8E8774-44B8-48F2-ACD6-D6FE4B0BA27F}.Release|Any CPU.Build.0 = Release|Any CPU
	EndGlobalSection
	GlobalSection(SolutionProperties) = preSolution
		HideSolutionNode = FALSE
	EndGlobalSection
	GlobalSection(ExtensibilityGlobals) = postSolution
		SolutionGuid = {8C584FD4-81C3-4177-B183-03310AAF59A1}
	EndGlobalSection
EndGlobal
