
Microsoft Visual Studio Solution File, Format Version 12.00
# Visual Studio Version 16
VisualStudioVersion = 16.0.32002.261
MinimumVisualStudioVersion = 10.0.40219.1
Project("{9A19103F-16F7-4668-BE54-9A1E7A4F7556}") = "While Loop - Lab", "While Loop - Lab\While Loop - Lab.csproj", "{58E2A85F-36DF-4455-852B-34D85C39929C}"
EndProject
Project("{9A19103F-16F7-4668-BE54-9A1E7A4F7556}") = "01. Read Text", "01. Read Text\01. Read Text.csproj", "{B56D939B-9B16-4DD6-8B61-AE970A5D5722}"
EndProject
Project("{9A19103F-16F7-4668-BE54-9A1E7A4F7556}") = "02. Password", "02. Password\02. Password.csproj", "{456CC325-0337-4EFD-BC44-C6BED983D6FA}"
EndProject
Project("{9A19103F-16F7-4668-BE54-9A1E7A4F7556}") = "03. Sum Numbers", "03. Sum Numbers\03. Sum Numbers.csproj", "{B7CE7C06-3F49-4783-8F11-E40600A11FBD}"
EndProject
Project("{9A19103F-16F7-4668-BE54-9A1E7A4F7556}") = "04. Sequence 2k+1", "04. Sequence 2k+1\04. Sequence 2k+1.csproj", "{6D34DE0B-1D10-416C-B3D2-760E9CE4B766}"
EndProject
Project("{9A19103F-16F7-4668-BE54-9A1E7A4F7556}") = "05. Account Balance", "05. Account Balance\05. Account Balance.csproj", "{CCC60518-B288-41F3-A618-46CB1E6A2110}"
EndProject
Project("{FAE04EC0-301F-11D3-BF4B-00C04F79EFBC}") = "06. Max Number", "06. Max Number\06. Max Number.csproj", "{2F9B9A3C-E570-4CE0-8B67-F5B82090FF18}"
EndProject
Project("{FAE04EC0-301F-11D3-BF4B-00C04F79EFBC}") = "07. Min Number", "07. Min Number\07. Min Number.csproj", "{3FD1C89A-0CEA-4A62-829C-E0C7B89AB0AB}"
EndProject
Project("{FAE04EC0-301F-11D3-BF4B-00C04F79EFBC}") = "08. Graduation", "08. Graduation\08. Graduation.csproj", "{D32D2768-A76C-4499-AB3E-C1CFE7D2A8F3}"
EndProject
Global
	GlobalSection(SolutionConfigurationPlatforms) = preSolution
		Debug|Any CPU = Debug|Any CPU
		Release|Any CPU = Release|Any CPU
	EndGlobalSection
	GlobalSection(ProjectConfigurationPlatforms) = postSolution
		{58E2A85F-36DF-4455-852B-34D85C39929C}.Debug|Any CPU.ActiveCfg = Debug|Any CPU
		{58E2A85F-36DF-4455-852B-34D85C39929C}.Debug|Any CPU.Build.0 = Debug|Any CPU
		{58E2A85F-36DF-4455-852B-34D85C39929C}.Release|Any CPU.ActiveCfg = Release|Any CPU
		{58E2A85F-36DF-4455-852B-34D85C39929C}.Release|Any CPU.Build.0 = Release|Any CPU
		{B56D939B-9B16-4DD6-8B61-AE970A5D5722}.Debug|Any CPU.ActiveCfg = Debug|Any CPU
		{B56D939B-9B16-4DD6-8B61-AE970A5D5722}.Debug|Any CPU.Build.0 = Debug|Any CPU
		{B56D939B-9B16-4DD6-8B61-AE970A5D5722}.Release|Any CPU.ActiveCfg = Release|Any CPU
		{B56D939B-9B16-4DD6-8B61-AE970A5D5722}.Release|Any CPU.Build.0 = Release|Any CPU
		{456CC325-0337-4EFD-BC44-C6BED983D6FA}.Debug|Any CPU.ActiveCfg = Debug|Any CPU
		{456CC325-0337-4EFD-BC44-C6BED983D6FA}.Debug|Any CPU.Build.0 = Debug|Any CPU
		{456CC325-0337-4EFD-BC44-C6BED983D6FA}.Release|Any CPU.ActiveCfg = Release|Any CPU
		{456CC325-0337-4EFD-BC44-C6BED983D6FA}.Release|Any CPU.Build.0 = Release|Any CPU
		{B7CE7C06-3F49-4783-8F11-E40600A11FBD}.Debug|Any CPU.ActiveCfg = Debug|Any CPU
		{B7CE7C06-3F49-4783-8F11-E40600A11FBD}.Debug|Any CPU.Build.0 = Debug|Any CPU
		{B7CE7C06-3F49-4783-8F11-E40600A11FBD}.Release|Any CPU.ActiveCfg = Release|Any CPU
		{B7CE7C06-3F49-4783-8F11-E40600A11FBD}.Release|Any CPU.Build.0 = Release|Any CPU
		{6D34DE0B-1D10-416C-B3D2-760E9CE4B766}.Debug|Any CPU.ActiveCfg = Debug|Any CPU
		{6D34DE0B-1D10-416C-B3D2-760E9CE4B766}.Debug|Any CPU.Build.0 = Debug|Any CPU
		{6D34DE0B-1D10-416C-B3D2-760E9CE4B766}.Release|Any CPU.ActiveCfg = Release|Any CPU
		{6D34DE0B-1D10-416C-B3D2-760E9CE4B766}.Release|Any CPU.Build.0 = Release|Any CPU
		{CCC60518-B288-41F3-A618-46CB1E6A2110}.Debug|Any CPU.ActiveCfg = Debug|Any CPU
		{CCC60518-B288-41F3-A618-46CB1E6A2110}.Debug|Any CPU.Build.0 = Debug|Any CPU
		{CCC60518-B288-41F3-A618-46CB1E6A2110}.Release|Any CPU.ActiveCfg = Release|Any CPU
		{CCC60518-B288-41F3-A618-46CB1E6A2110}.Release|Any CPU.Build.0 = Release|Any CPU
		{2F9B9A3C-E570-4CE0-8B67-F5B82090FF18}.Debug|Any CPU.ActiveCfg = Debug|Any CPU
		{2F9B9A3C-E570-4CE0-8B67-F5B82090FF18}.Debug|Any CPU.Build.0 = Debug|Any CPU
		{2F9B9A3C-E570-4CE0-8B67-F5B82090FF18}.Release|Any CPU.ActiveCfg = Release|Any CPU
		{2F9B9A3C-E570-4CE0-8B67-F5B82090FF18}.Release|Any CPU.Build.0 = Release|Any CPU
		{3FD1C89A-0CEA-4A62-829C-E0C7B89AB0AB}.Debug|Any CPU.ActiveCfg = Debug|Any CPU
		{3FD1C89A-0CEA-4A62-829C-E0C7B89AB0AB}.Debug|Any CPU.Build.0 = Debug|Any CPU
		{3FD1C89A-0CEA-4A62-829C-E0C7B89AB0AB}.Release|Any CPU.ActiveCfg = Release|Any CPU
		{3FD1C89A-0CEA-4A62-829C-E0C7B89AB0AB}.Release|Any CPU.Build.0 = Release|Any CPU
		{D32D2768-A76C-4499-AB3E-C1CFE7D2A8F3}.Debug|Any CPU.ActiveCfg = Debug|Any CPU
		{D32D2768-A76C-4499-AB3E-C1CFE7D2A8F3}.Debug|Any CPU.Build.0 = Debug|Any CPU
		{D32D2768-A76C-4499-AB3E-C1CFE7D2A8F3}.Release|Any CPU.ActiveCfg = Release|Any CPU
		{D32D2768-A76C-4499-AB3E-C1CFE7D2A8F3}.Release|Any CPU.Build.0 = Release|Any CPU
	EndGlobalSection
	GlobalSection(SolutionProperties) = preSolution
		HideSolutionNode = FALSE
	EndGlobalSection
	GlobalSection(ExtensibilityGlobals) = postSolution
		SolutionGuid = {59EFE815-633D-40AA-9317-61BC0FABB910}
	EndGlobalSection
EndGlobal
