
Microsoft Visual Studio Solution File, Format Version 12.00
# Visual Studio Version 16
VisualStudioVersion = 16.0.32002.261
MinimumVisualStudioVersion = 10.0.40219.1
Project("{FAE04EC0-301F-11D3-BF4B-00C04F79EFBC}") = "Exercise exam", "Exercise exam\Exercise exam.csproj", "{B39FF2B4-6928-478A-BF05-C7004EBC4157}"
EndProject
Project("{FAE04EC0-301F-11D3-BF4B-00C04F79EFBC}") = "Gold Mine", "Gold Mine\Gold Mine.csproj", "{66BE1DAD-0FCE-4E72-8AF3-F6715C666E05}"
EndProject
Global
	GlobalSection(SolutionConfigurationPlatforms) = preSolution
		Debug|Any CPU = Debug|Any CPU
		Release|Any CPU = Release|Any CPU
	EndGlobalSection
	GlobalSection(ProjectConfigurationPlatforms) = postSolution
		{B39FF2B4-6928-478A-BF05-C7004EBC4157}.Debug|Any CPU.ActiveCfg = Debug|Any CPU
		{B39FF2B4-6928-478A-BF05-C7004EBC4157}.Debug|Any CPU.Build.0 = Debug|Any CPU
		{B39FF2B4-6928-478A-BF05-C7004EBC4157}.Release|Any CPU.ActiveCfg = Release|Any CPU
		{B39FF2B4-6928-478A-BF05-C7004EBC4157}.Release|Any CPU.Build.0 = Release|Any CPU
		{66BE1DAD-0FCE-4E72-8AF3-F6715C666E05}.Debug|Any CPU.ActiveCfg = Debug|Any CPU
		{66BE1DAD-0FCE-4E72-8AF3-F6715C666E05}.Debug|Any CPU.Build.0 = Debug|Any CPU
		{66BE1DAD-0FCE-4E72-8AF3-F6715C666E05}.Release|Any CPU.ActiveCfg = Release|Any CPU
		{66BE1DAD-0FCE-4E72-8AF3-F6715C666E05}.Release|Any CPU.Build.0 = Release|Any CPU
	EndGlobalSection
	GlobalSection(SolutionProperties) = preSolution
		HideSolutionNode = FALSE
	EndGlobalSection
	GlobalSection(ExtensibilityGlobals) = postSolution
		SolutionGuid = {354A2236-7563-4897-AC55-905D619FD9E6}
	EndGlobalSection
EndGlobal
