
Microsoft Visual Studio Solution File, Format Version 12.00
# Visual Studio Version 17
VisualStudioVersion = 17.4.33103.184
MinimumVisualStudioVersion = 10.0.40219.1
Project("{FAE04EC0-301F-11D3-BF4B-00C04F79EFBC}") = "SOLID", "SOLID\SOLID.csproj", "{99EBA94E-09A9-4ED1-9572-923988771BB7}"
EndProject
Global
	GlobalSection(SolutionConfigurationPlatforms) = preSolution
		Debug|Any CPU = Debug|Any CPU
		Release|Any CPU = Release|Any CPU
	EndGlobalSection
	GlobalSection(ProjectConfigurationPlatforms) = postSolution
		{99EBA94E-09A9-4ED1-9572-923988771BB7}.Debug|Any CPU.ActiveCfg = Debug|Any CPU
		{99EBA94E-09A9-4ED1-9572-923988771BB7}.Debug|Any CPU.Build.0 = Debug|Any CPU
		{99EBA94E-09A9-4ED1-9572-923988771BB7}.Release|Any CPU.ActiveCfg = Release|Any CPU
		{99EBA94E-09A9-4ED1-9572-923988771BB7}.Release|Any CPU.Build.0 = Release|Any CPU
	EndGlobalSection
	GlobalSection(SolutionProperties) = preSolution
		HideSolutionNode = FALSE
	EndGlobalSection
	GlobalSection(ExtensibilityGlobals) = postSolution
		SolutionGuid = {321BACAB-EFCC-43C6-A7F6-0E9922602FB0}
	EndGlobalSection
EndGlobal
