
Microsoft Visual Studio Solution File, Format Version 12.00
# Visual Studio Version 16
VisualStudioVersion = 16.0.32002.261
MinimumVisualStudioVersion = 10.0.40219.1
Project("{9A19103F-16F7-4668-BE54-9A1E7A4F7556}") = "Conditional Statements - Exercise", "Conditional Statements - Exercise\Conditional Statements - Exercise.csproj", "{92A70F91-E0EE-45FE-8328-01C257882F55}"
EndProject
Project("{9A19103F-16F7-4668-BE54-9A1E7A4F7556}") = "02. Bonus Score", "02. Bonus Score\02. Bonus Score.csproj", "{346A3DF4-E9A5-4811-93BB-017E332B53DC}"
EndProject
Project("{9A19103F-16F7-4668-BE54-9A1E7A4F7556}") = "03. Time + 15 Minutes", "Time + 15 Minutes\03. Time + 15 Minutes.csproj", "{2F9ED984-8546-4CFF-83BC-09F62780B562}"
EndProject
Project("{9A19103F-16F7-4668-BE54-9A1E7A4F7556}") = "04. Toy Shop", "04. Toy Shop\04. Toy Shop.csproj", "{4D3DCDC6-FA30-4F56-AF21-064C66343F06}"
EndProject
Project("{FAE04EC0-301F-11D3-BF4B-00C04F79EFBC}") = "05. Godzilla vs. Kong", "05. Godzilla vs. Kong\05. Godzilla vs. Kong.csproj", "{7394A963-3A56-4D52-8366-BBFBE3F900BB}"
EndProject
Project("{FAE04EC0-301F-11D3-BF4B-00C04F79EFBC}") = "06. World Swimming Record", "06. World Swimming Record\06. World Swimming Record.csproj", "{E3D08452-4C81-45B6-8C92-50CB9477B431}"
EndProject
Project("{FAE04EC0-301F-11D3-BF4B-00C04F79EFBC}") = "07. Shopping", "07. Shopping\07. Shopping.csproj", "{98CDD9B4-837B-4C65-AA77-CE503821164E}"
EndProject
Project("{FAE04EC0-301F-11D3-BF4B-00C04F79EFBC}") = "08. Lunch Break", "08. Lunch Break\08. Lunch Break.csproj", "{1AFA868E-695B-4CC5-A053-188B1C7CB2C8}"
EndProject
Global
	GlobalSection(SolutionConfigurationPlatforms) = preSolution
		Debug|Any CPU = Debug|Any CPU
		Release|Any CPU = Release|Any CPU
	EndGlobalSection
	GlobalSection(ProjectConfigurationPlatforms) = postSolution
		{92A70F91-E0EE-45FE-8328-01C257882F55}.Debug|Any CPU.ActiveCfg = Debug|Any CPU
		{92A70F91-E0EE-45FE-8328-01C257882F55}.Debug|Any CPU.Build.0 = Debug|Any CPU
		{92A70F91-E0EE-45FE-8328-01C257882F55}.Release|Any CPU.ActiveCfg = Release|Any CPU
		{92A70F91-E0EE-45FE-8328-01C257882F55}.Release|Any CPU.Build.0 = Release|Any CPU
		{346A3DF4-E9A5-4811-93BB-017E332B53DC}.Debug|Any CPU.ActiveCfg = Debug|Any CPU
		{346A3DF4-E9A5-4811-93BB-017E332B53DC}.Debug|Any CPU.Build.0 = Debug|Any CPU
		{346A3DF4-E9A5-4811-93BB-017E332B53DC}.Release|Any CPU.ActiveCfg = Release|Any CPU
		{346A3DF4-E9A5-4811-93BB-017E332B53DC}.Release|Any CPU.Build.0 = Release|Any CPU
		{2F9ED984-8546-4CFF-83BC-09F62780B562}.Debug|Any CPU.ActiveCfg = Debug|Any CPU
		{2F9ED984-8546-4CFF-83BC-09F62780B562}.Debug|Any CPU.Build.0 = Debug|Any CPU
		{2F9ED984-8546-4CFF-83BC-09F62780B562}.Release|Any CPU.ActiveCfg = Release|Any CPU
		{2F9ED984-8546-4CFF-83BC-09F62780B562}.Release|Any CPU.Build.0 = Release|Any CPU
		{4D3DCDC6-FA30-4F56-AF21-064C66343F06}.Debug|Any CPU.ActiveCfg = Debug|Any CPU
		{4D3DCDC6-FA30-4F56-AF21-064C66343F06}.Debug|Any CPU.Build.0 = Debug|Any CPU
		{4D3DCDC6-FA30-4F56-AF21-064C66343F06}.Release|Any CPU.ActiveCfg = Release|Any CPU
		{4D3DCDC6-FA30-4F56-AF21-064C66343F06}.Release|Any CPU.Build.0 = Release|Any CPU
		{7394A963-3A56-4D52-8366-BBFBE3F900BB}.Debug|Any CPU.ActiveCfg = Debug|Any CPU
		{7394A963-3A56-4D52-8366-BBFBE3F900BB}.Debug|Any CPU.Build.0 = Debug|Any CPU
		{7394A963-3A56-4D52-8366-BBFBE3F900BB}.Release|Any CPU.ActiveCfg = Release|Any CPU
		{7394A963-3A56-4D52-8366-BBFBE3F900BB}.Release|Any CPU.Build.0 = Release|Any CPU
		{E3D08452-4C81-45B6-8C92-50CB9477B431}.Debug|Any CPU.ActiveCfg = Debug|Any CPU
		{E3D08452-4C81-45B6-8C92-50CB9477B431}.Debug|Any CPU.Build.0 = Debug|Any CPU
		{E3D08452-4C81-45B6-8C92-50CB9477B431}.Release|Any CPU.ActiveCfg = Release|Any CPU
		{E3D08452-4C81-45B6-8C92-50CB9477B431}.Release|Any CPU.Build.0 = Release|Any CPU
		{98CDD9B4-837B-4C65-AA77-CE503821164E}.Debug|Any CPU.ActiveCfg = Debug|Any CPU
		{98CDD9B4-837B-4C65-AA77-CE503821164E}.Debug|Any CPU.Build.0 = Debug|Any CPU
		{98CDD9B4-837B-4C65-AA77-CE503821164E}.Release|Any CPU.ActiveCfg = Release|Any CPU
		{98CDD9B4-837B-4C65-AA77-CE503821164E}.Release|Any CPU.Build.0 = Release|Any CPU
		{1AFA868E-695B-4CC5-A053-188B1C7CB2C8}.Debug|Any CPU.ActiveCfg = Debug|Any CPU
		{1AFA868E-695B-4CC5-A053-188B1C7CB2C8}.Debug|Any CPU.Build.0 = Debug|Any CPU
		{1AFA868E-695B-4CC5-A053-188B1C7CB2C8}.Release|Any CPU.ActiveCfg = Release|Any CPU
		{1AFA868E-695B-4CC5-A053-188B1C7CB2C8}.Release|Any CPU.Build.0 = Release|Any CPU
	EndGlobalSection
	GlobalSection(SolutionProperties) = preSolution
		HideSolutionNode = FALSE
	EndGlobalSection
	GlobalSection(ExtensibilityGlobals) = postSolution
		SolutionGuid = {CF4C36FC-1823-4A31-B988-88CBBC795C1D}
	EndGlobalSection
EndGlobal
