
Microsoft Visual Studio Solution File, Format Version 12.00
# Visual Studio Version 16
VisualStudioVersion = 16.0.32002.261
MinimumVisualStudioVersion = 10.0.40219.1
Project("{FAE04EC0-301F-11D3-BF4B-00C04F79EFBC}") = "MyFirstProject", "MyFirstProject\MyFirstProject.csproj", "{33533C77-C020-4075-96C2-AD6C2E3FB019}"
EndProject
Global
	GlobalSection(SolutionConfigurationPlatforms) = preSolution
		Debug|Any CPU = Debug|Any CPU
		Release|Any CPU = Release|Any CPU
	EndGlobalSection
	GlobalSection(ProjectConfigurationPlatforms) = postSolution
		{33533C77-C020-4075-96C2-AD6C2E3FB019}.Debug|Any CPU.ActiveCfg = Debug|Any CPU
		{33533C77-C020-4075-96C2-AD6C2E3FB019}.Debug|Any CPU.Build.0 = Debug|Any CPU
		{33533C77-C020-4075-96C2-AD6C2E3FB019}.Release|Any CPU.ActiveCfg = Release|Any CPU
		{33533C77-C020-4075-96C2-AD6C2E3FB019}.Release|Any CPU.Build.0 = Release|Any CPU
	EndGlobalSection
	GlobalSection(SolutionProperties) = preSolution
		HideSolutionNode = FALSE
	EndGlobalSection
	GlobalSection(ExtensibilityGlobals) = postSolution
		SolutionGuid = {C4B8F3AA-7FAD-456A-8A3D-807014640AAD}
	EndGlobalSection
EndGlobal
