
Microsoft Visual Studio Solution File, Format Version 12.00
# Visual Studio Version 17
VisualStudioVersion = 17.4.33103.184
MinimumVisualStudioVersion = 10.0.40219.1
Project("{9A19103F-16F7-4668-BE54-9A1E7A4F7556}") = "Multidimensional Arrays", "Multidimensional Arrays\Multidimensional Arrays.csproj", "{A6EE625B-20C4-4F9C-A36A-D95477BAB2C8}"
EndProject
Project("{9A19103F-16F7-4668-BE54-9A1E7A4F7556}") = "2. Squares in Matrix", "2. Squares in Matrix\2. Squares in Matrix.csproj", "{A3CD0342-E4CC-45ED-85EC-16C3503093C4}"
EndProject
Project("{9A19103F-16F7-4668-BE54-9A1E7A4F7556}") = "3. Maximal Sum", "3. Maximal Sum\3. Maximal Sum.csproj", "{E7D979BF-AC74-4E97-A1AB-652E96252DB3}"
EndProject
Project("{9A19103F-16F7-4668-BE54-9A1E7A4F7556}") = "4. Matrix Shuffling", "4. Matrix Shuffling\4. Matrix Shuffling.csproj", "{219B44A3-1D47-4A66-925E-D0FB827788BD}"
EndProject
Project("{9A19103F-16F7-4668-BE54-9A1E7A4F7556}") = "5. Snake Moves", "5. Snake Moves\5. Snake Moves.csproj", "{B2416465-45B4-430B-8EFD-91574102615C}"
EndProject
Project("{FAE04EC0-301F-11D3-BF4B-00C04F79EFBC}") = "6. Jagged Array Manipulator", "6. Jagged Array Manipulator\6. Jagged Array Manipulator.csproj", "{19E732F6-06F1-47A0-AACF-95C1F60580FB}"
EndProject
Project("{FAE04EC0-301F-11D3-BF4B-00C04F79EFBC}") = "Knights Game", "Knights Game\Knights Game.csproj", "{D44316B1-5671-41FD-A88E-D9B53F227D5C}"
EndProject
Global
	GlobalSection(SolutionConfigurationPlatforms) = preSolution
		Debug|Any CPU = Debug|Any CPU
		Release|Any CPU = Release|Any CPU
	EndGlobalSection
	GlobalSection(ProjectConfigurationPlatforms) = postSolution
		{A6EE625B-20C4-4F9C-A36A-D95477BAB2C8}.Debug|Any CPU.ActiveCfg = Debug|Any CPU
		{A6EE625B-20C4-4F9C-A36A-D95477BAB2C8}.Debug|Any CPU.Build.0 = Debug|Any CPU
		{A6EE625B-20C4-4F9C-A36A-D95477BAB2C8}.Release|Any CPU.ActiveCfg = Release|Any CPU
		{A6EE625B-20C4-4F9C-A36A-D95477BAB2C8}.Release|Any CPU.Build.0 = Release|Any CPU
		{A3CD0342-E4CC-45ED-85EC-16C3503093C4}.Debug|Any CPU.ActiveCfg = Debug|Any CPU
		{A3CD0342-E4CC-45ED-85EC-16C3503093C4}.Debug|Any CPU.Build.0 = Debug|Any CPU
		{A3CD0342-E4CC-45ED-85EC-16C3503093C4}.Release|Any CPU.ActiveCfg = Release|Any CPU
		{A3CD0342-E4CC-45ED-85EC-16C3503093C4}.Release|Any CPU.Build.0 = Release|Any CPU
		{E7D979BF-AC74-4E97-A1AB-652E96252DB3}.Debug|Any CPU.ActiveCfg = Debug|Any CPU
		{E7D979BF-AC74-4E97-A1AB-652E96252DB3}.Debug|Any CPU.Build.0 = Debug|Any CPU
		{E7D979BF-AC74-4E97-A1AB-652E96252DB3}.Release|Any CPU.ActiveCfg = Release|Any CPU
		{E7D979BF-AC74-4E97-A1AB-652E96252DB3}.Release|Any CPU.Build.0 = Release|Any CPU
		{219B44A3-1D47-4A66-925E-D0FB827788BD}.Debug|Any CPU.ActiveCfg = Debug|Any CPU
		{219B44A3-1D47-4A66-925E-D0FB827788BD}.Debug|Any CPU.Build.0 = Debug|Any CPU
		{219B44A3-1D47-4A66-925E-D0FB827788BD}.Release|Any CPU.ActiveCfg = Release|Any CPU
		{219B44A3-1D47-4A66-925E-D0FB827788BD}.Release|Any CPU.Build.0 = Release|Any CPU
		{B2416465-45B4-430B-8EFD-91574102615C}.Debug|Any CPU.ActiveCfg = Debug|Any CPU
		{B2416465-45B4-430B-8EFD-91574102615C}.Debug|Any CPU.Build.0 = Debug|Any CPU
		{B2416465-45B4-430B-8EFD-91574102615C}.Release|Any CPU.ActiveCfg = Release|Any CPU
		{B2416465-45B4-430B-8EFD-91574102615C}.Release|Any CPU.Build.0 = Release|Any CPU
		{19E732F6-06F1-47A0-AACF-95C1F60580FB}.Debug|Any CPU.ActiveCfg = Debug|Any CPU
		{19E732F6-06F1-47A0-AACF-95C1F60580FB}.Debug|Any CPU.Build.0 = Debug|Any CPU
		{19E732F6-06F1-47A0-AACF-95C1F60580FB}.Release|Any CPU.ActiveCfg = Release|Any CPU
		{19E732F6-06F1-47A0-AACF-95C1F60580FB}.Release|Any CPU.Build.0 = Release|Any CPU
		{D44316B1-5671-41FD-A88E-D9B53F227D5C}.Debug|Any CPU.ActiveCfg = Debug|Any CPU
		{D44316B1-5671-41FD-A88E-D9B53F227D5C}.Debug|Any CPU.Build.0 = Debug|Any CPU
		{D44316B1-5671-41FD-A88E-D9B53F227D5C}.Release|Any CPU.ActiveCfg = Release|Any CPU
		{D44316B1-5671-41FD-A88E-D9B53F227D5C}.Release|Any CPU.Build.0 = Release|Any CPU
	EndGlobalSection
	GlobalSection(SolutionProperties) = preSolution
		HideSolutionNode = FALSE
	EndGlobalSection
	GlobalSection(ExtensibilityGlobals) = postSolution
		SolutionGuid = {E5B6D1EA-9763-4D97-84B9-25BEF839012B}
	EndGlobalSection
EndGlobal
