
Microsoft Visual Studio Solution File, Format Version 12.00
# Visual Studio Version 16
VisualStudioVersion = 16.0.32901.82
MinimumVisualStudioVersion = 10.0.40219.1
Project("{FAE04EC0-301F-11D3-BF4B-00C04F79EFBC}") = "MId_Exam_Fundamentals", "MId_Exam_Fundamentals\MId_Exam_Fundamentals.csproj", "{2DB12E5F-39B5-43D0-820D-6B532464FAE0}"
EndProject
Project("{FAE04EC0-301F-11D3-BF4B-00C04F79EFBC}") = "02. Space Travel", "02. Space Travel\02. Space Travel.csproj", "{922794D5-D120-4848-A9B5-74AF8B18CB6C}"
EndProject
Project("{FAE04EC0-301F-11D3-BF4B-00C04F79EFBC}") = "03. Deck of Cards", "03. Deck of Cards\03. Deck of Cards.csproj", "{1415D41E-89B6-456E-87EA-7BB0313BF357}"
EndProject
Project("{FAE04EC0-301F-11D3-BF4B-00C04F79EFBC}") = "help me", "help me\help me.csproj", "{7D31E5BB-69A6-493C-966E-310401C47814}"
EndProject
Global
	GlobalSection(SolutionConfigurationPlatforms) = preSolution
		Debug|Any CPU = Debug|Any CPU
		Release|Any CPU = Release|Any CPU
	EndGlobalSection
	GlobalSection(ProjectConfigurationPlatforms) = postSolution
		{2DB12E5F-39B5-43D0-820D-6B532464FAE0}.Debug|Any CPU.ActiveCfg = Debug|Any CPU
		{2DB12E5F-39B5-43D0-820D-6B532464FAE0}.Debug|Any CPU.Build.0 = Debug|Any CPU
		{2DB12E5F-39B5-43D0-820D-6B532464FAE0}.Release|Any CPU.ActiveCfg = Release|Any CPU
		{2DB12E5F-39B5-43D0-820D-6B532464FAE0}.Release|Any CPU.Build.0 = Release|Any CPU
		{922794D5-D120-4848-A9B5-74AF8B18CB6C}.Debug|Any CPU.ActiveCfg = Debug|Any CPU
		{922794D5-D120-4848-A9B5-74AF8B18CB6C}.Debug|Any CPU.Build.0 = Debug|Any CPU
		{922794D5-D120-4848-A9B5-74AF8B18CB6C}.Release|Any CPU.ActiveCfg = Release|Any CPU
		{922794D5-D120-4848-A9B5-74AF8B18CB6C}.Release|Any CPU.Build.0 = Release|Any CPU
		{1415D41E-89B6-456E-87EA-7BB0313BF357}.Debug|Any CPU.ActiveCfg = Debug|Any CPU
		{1415D41E-89B6-456E-87EA-7BB0313BF357}.Debug|Any CPU.Build.0 = Debug|Any CPU
		{1415D41E-89B6-456E-87EA-7BB0313BF357}.Release|Any CPU.ActiveCfg = Release|Any CPU
		{1415D41E-89B6-456E-87EA-7BB0313BF357}.Release|Any CPU.Build.0 = Release|Any CPU
		{7D31E5BB-69A6-493C-966E-310401C47814}.Debug|Any CPU.ActiveCfg = Debug|Any CPU
		{7D31E5BB-69A6-493C-966E-310401C47814}.Debug|Any CPU.Build.0 = Debug|Any CPU
		{7D31E5BB-69A6-493C-966E-310401C47814}.Release|Any CPU.ActiveCfg = Release|Any CPU
		{7D31E5BB-69A6-493C-966E-310401C47814}.Release|Any CPU.Build.0 = Release|Any CPU
	EndGlobalSection
	GlobalSection(SolutionProperties) = preSolution
		HideSolutionNode = FALSE
	EndGlobalSection
	GlobalSection(ExtensibilityGlobals) = postSolution
		SolutionGuid = {22FA402B-0FCD-4DB1-AC02-FEE154F16D4E}
	EndGlobalSection
EndGlobal
