
Microsoft Visual Studio Solution File, Format Version 12.00
# Visual Studio Version 17
VisualStudioVersion = 17.3.32929.385
MinimumVisualStudioVersion = 10.0.40219.1
Project("{FAE04EC0-301F-11D3-BF4B-00C04F79EFBC}") = "Text_Processing", "Text_Processing\Text_Processing.csproj", "{12163F56-C046-4578-9426-B6EE0B18EC79}"
EndProject
Project("{FAE04EC0-301F-11D3-BF4B-00C04F79EFBC}") = "02. Character Multiplier", "02. Character Multiplier\02. Character Multiplier.csproj", "{93FEA828-5F6A-4EEF-A8B7-167B52E7DA39}"
EndProject
Project("{FAE04EC0-301F-11D3-BF4B-00C04F79EFBC}") = "03. Extract File", "03. Extract File\03. Extract File.csproj", "{6298845E-95A6-446B-BDC8-D4FB53F22B0C}"
EndProject
Project("{FAE04EC0-301F-11D3-BF4B-00C04F79EFBC}") = "04. Caesar Cipher", "04. Caesar Cipher\04. Caesar Cipher.csproj", "{08500937-B497-468C-A753-33D493A2676E}"
EndProject
Project("{FAE04EC0-301F-11D3-BF4B-00C04F79EFBC}") = "05. Multiply Big Number", "05. Multiply Big Number\05. Multiply Big Number.csproj", "{2DABDCB6-F34F-4834-A4AD-21B8C129D5E1}"
EndProject
Project("{FAE04EC0-301F-11D3-BF4B-00C04F79EFBC}") = "06. Replace Repeating Chars", "06. Replace Repeating Chars\06. Replace Repeating Chars.csproj", "{FE7CE754-FCD7-4221-99CE-B0196723B605}"
EndProject
Project("{FAE04EC0-301F-11D3-BF4B-00C04F79EFBC}") = "07. String Explosion", "07. String Explosion\07. String Explosion.csproj", "{DBCC53A2-EF43-4088-9FF6-C656481D5EBB}"
EndProject
Global
	GlobalSection(SolutionConfigurationPlatforms) = preSolution
		Debug|Any CPU = Debug|Any CPU
		Release|Any CPU = Release|Any CPU
	EndGlobalSection
	GlobalSection(ProjectConfigurationPlatforms) = postSolution
		{12163F56-C046-4578-9426-B6EE0B18EC79}.Debug|Any CPU.ActiveCfg = Debug|Any CPU
		{12163F56-C046-4578-9426-B6EE0B18EC79}.Debug|Any CPU.Build.0 = Debug|Any CPU
		{12163F56-C046-4578-9426-B6EE0B18EC79}.Release|Any CPU.ActiveCfg = Release|Any CPU
		{12163F56-C046-4578-9426-B6EE0B18EC79}.Release|Any CPU.Build.0 = Release|Any CPU
		{93FEA828-5F6A-4EEF-A8B7-167B52E7DA39}.Debug|Any CPU.ActiveCfg = Debug|Any CPU
		{93FEA828-5F6A-4EEF-A8B7-167B52E7DA39}.Debug|Any CPU.Build.0 = Debug|Any CPU
		{93FEA828-5F6A-4EEF-A8B7-167B52E7DA39}.Release|Any CPU.ActiveCfg = Release|Any CPU
		{93FEA828-5F6A-4EEF-A8B7-167B52E7DA39}.Release|Any CPU.Build.0 = Release|Any CPU
		{6298845E-95A6-446B-BDC8-D4FB53F22B0C}.Debug|Any CPU.ActiveCfg = Debug|Any CPU
		{6298845E-95A6-446B-BDC8-D4FB53F22B0C}.Debug|Any CPU.Build.0 = Debug|Any CPU
		{6298845E-95A6-446B-BDC8-D4FB53F22B0C}.Release|Any CPU.ActiveCfg = Release|Any CPU
		{6298845E-95A6-446B-BDC8-D4FB53F22B0C}.Release|Any CPU.Build.0 = Release|Any CPU
		{08500937-B497-468C-A753-33D493A2676E}.Debug|Any CPU.ActiveCfg = Debug|Any CPU
		{08500937-B497-468C-A753-33D493A2676E}.Debug|Any CPU.Build.0 = Debug|Any CPU
		{08500937-B497-468C-A753-33D493A2676E}.Release|Any CPU.ActiveCfg = Release|Any CPU
		{08500937-B497-468C-A753-33D493A2676E}.Release|Any CPU.Build.0 = Release|Any CPU
		{2DABDCB6-F34F-4834-A4AD-21B8C129D5E1}.Debug|Any CPU.ActiveCfg = Debug|Any CPU
		{2DABDCB6-F34F-4834-A4AD-21B8C129D5E1}.Debug|Any CPU.Build.0 = Debug|Any CPU
		{2DABDCB6-F34F-4834-A4AD-21B8C129D5E1}.Release|Any CPU.ActiveCfg = Release|Any CPU
		{2DABDCB6-F34F-4834-A4AD-21B8C129D5E1}.Release|Any CPU.Build.0 = Release|Any CPU
		{FE7CE754-FCD7-4221-99CE-B0196723B605}.Debug|Any CPU.ActiveCfg = Debug|Any CPU
		{FE7CE754-FCD7-4221-99CE-B0196723B605}.Debug|Any CPU.Build.0 = Debug|Any CPU
		{FE7CE754-FCD7-4221-99CE-B0196723B605}.Release|Any CPU.ActiveCfg = Release|Any CPU
		{FE7CE754-FCD7-4221-99CE-B0196723B605}.Release|Any CPU.Build.0 = Release|Any CPU
		{DBCC53A2-EF43-4088-9FF6-C656481D5EBB}.Debug|Any CPU.ActiveCfg = Debug|Any CPU
		{DBCC53A2-EF43-4088-9FF6-C656481D5EBB}.Debug|Any CPU.Build.0 = Debug|Any CPU
		{DBCC53A2-EF43-4088-9FF6-C656481D5EBB}.Release|Any CPU.ActiveCfg = Release|Any CPU
		{DBCC53A2-EF43-4088-9FF6-C656481D5EBB}.Release|Any CPU.Build.0 = Release|Any CPU
	EndGlobalSection
	GlobalSection(SolutionProperties) = preSolution
		HideSolutionNode = FALSE
	EndGlobalSection
	GlobalSection(ExtensibilityGlobals) = postSolution
		SolutionGuid = {D4CB2D9D-BFF7-4975-A4EE-14B72B6F0130}
	EndGlobalSection
EndGlobal
