
Microsoft Visual Studio Solution File, Format Version 12.00
# Visual Studio Version 17
VisualStudioVersion = 17.4.33103.184
MinimumVisualStudioVersion = 10.0.40219.1
Project("{9A19103F-16F7-4668-BE54-9A1E7A4F7556}") = "Final_Exam", "Final_Exam\Final_Exam.csproj", "{89BC2488-75E2-46B7-82C1-ACF49B55F6E3}"
EndProject
Project("{9A19103F-16F7-4668-BE54-9A1E7A4F7556}") = "02. Message Translator", "02. Message Translator\02. Message Translator.csproj", "{98F7B1DC-6605-43E0-B361-40AD2947E8FE}"
EndProject
Project("{9A19103F-16F7-4668-BE54-9A1E7A4F7556}") = "03. Messages Manager", "03. Messages Manager\03. Messages Manager.csproj", "{3DDA39D1-9104-444C-A829-1E6016568C2B}"
EndProject
Project("{9A19103F-16F7-4668-BE54-9A1E7A4F7556}") = "ConsoleApp1", "ConsoleApp1\ConsoleApp1.csproj", "{8B65F3FB-277B-4644-9A09-87EAC62C4BFD}"
EndProject
Project("{FAE04EC0-301F-11D3-BF4B-00C04F79EFBC}") = "ConsoleApp2", "ConsoleApp2\ConsoleApp2.csproj", "{350DA814-B62A-4408-A03D-6710570E09B5}"
EndProject
Global
	GlobalSection(SolutionConfigurationPlatforms) = preSolution
		Debug|Any CPU = Debug|Any CPU
		Release|Any CPU = Release|Any CPU
	EndGlobalSection
	GlobalSection(ProjectConfigurationPlatforms) = postSolution
		{89BC2488-75E2-46B7-82C1-ACF49B55F6E3}.Debug|Any CPU.ActiveCfg = Debug|Any CPU
		{89BC2488-75E2-46B7-82C1-ACF49B55F6E3}.Debug|Any CPU.Build.0 = Debug|Any CPU
		{89BC2488-75E2-46B7-82C1-ACF49B55F6E3}.Release|Any CPU.ActiveCfg = Release|Any CPU
		{89BC2488-75E2-46B7-82C1-ACF49B55F6E3}.Release|Any CPU.Build.0 = Release|Any CPU
		{98F7B1DC-6605-43E0-B361-40AD2947E8FE}.Debug|Any CPU.ActiveCfg = Debug|Any CPU
		{98F7B1DC-6605-43E0-B361-40AD2947E8FE}.Debug|Any CPU.Build.0 = Debug|Any CPU
		{98F7B1DC-6605-43E0-B361-40AD2947E8FE}.Release|Any CPU.ActiveCfg = Release|Any CPU
		{98F7B1DC-6605-43E0-B361-40AD2947E8FE}.Release|Any CPU.Build.0 = Release|Any CPU
		{3DDA39D1-9104-444C-A829-1E6016568C2B}.Debug|Any CPU.ActiveCfg = Debug|Any CPU
		{3DDA39D1-9104-444C-A829-1E6016568C2B}.Debug|Any CPU.Build.0 = Debug|Any CPU
		{3DDA39D1-9104-444C-A829-1E6016568C2B}.Release|Any CPU.ActiveCfg = Release|Any CPU
		{3DDA39D1-9104-444C-A829-1E6016568C2B}.Release|Any CPU.Build.0 = Release|Any CPU
		{8B65F3FB-277B-4644-9A09-87EAC62C4BFD}.Debug|Any CPU.ActiveCfg = Debug|Any CPU
		{8B65F3FB-277B-4644-9A09-87EAC62C4BFD}.Debug|Any CPU.Build.0 = Debug|Any CPU
		{8B65F3FB-277B-4644-9A09-87EAC62C4BFD}.Release|Any CPU.ActiveCfg = Release|Any CPU
		{8B65F3FB-277B-4644-9A09-87EAC62C4BFD}.Release|Any CPU.Build.0 = Release|Any CPU
		{350DA814-B62A-4408-A03D-6710570E09B5}.Debug|Any CPU.ActiveCfg = Debug|Any CPU
		{350DA814-B62A-4408-A03D-6710570E09B5}.Debug|Any CPU.Build.0 = Debug|Any CPU
		{350DA814-B62A-4408-A03D-6710570E09B5}.Release|Any CPU.ActiveCfg = Release|Any CPU
		{350DA814-B62A-4408-A03D-6710570E09B5}.Release|Any CPU.Build.0 = Release|Any CPU
	EndGlobalSection
	GlobalSection(SolutionProperties) = preSolution
		HideSolutionNode = FALSE
	EndGlobalSection
	GlobalSection(ExtensibilityGlobals) = postSolution
		SolutionGuid = {D7FBC8DF-43C6-4051-BF32-8B765B5A38A6}
	EndGlobalSection
EndGlobal
