
Microsoft Visual Studio Solution File, Format Version 12.00
# Visual Studio Version 16
VisualStudioVersion = 16.0.32002.261
MinimumVisualStudioVersion = 10.0.40219.1
Project("{9A19103F-16F7-4668-BE54-9A1E7A4F7556}") = "General", "General\General.csproj", "{8149219E-74F7-4B11-A751-59C3D5F9EDEE}"
EndProject
Project("{9A19103F-16F7-4668-BE54-9A1E7A4F7556}") = "ExellentResult", "ConsoleApp1\ExellentResult.csproj", "{22F60457-4916-488E-8A00-B2CB1A3789E0}"
EndProject
Project("{9A19103F-16F7-4668-BE54-9A1E7A4F7556}") = "Pregovor", "Pregovor\Pregovor.csproj", "{66E7DB03-7352-4333-B465-1042704FC22F}"
EndProject
Project("{9A19103F-16F7-4668-BE54-9A1E7A4F7556}") = "02. Greater Number", "02. Greater Number\02. Greater Number.csproj", "{5DCAB0C0-813A-498D-961E-610560989567}"
EndProject
Project("{9A19103F-16F7-4668-BE54-9A1E7A4F7556}") = "03. Even or Odd", "03. Even or Odd\03. Even or Odd.csproj", "{C2FE18FA-889B-4424-959C-615465E82D9F}"
EndProject
Project("{FAE04EC0-301F-11D3-BF4B-00C04F79EFBC}") = "04. Password Guess", "04. Password Guess\04. Password Guess.csproj", "{C69014C7-200F-438A-AA31-8EFEDC2ADDE7}"
EndProject
Project("{FAE04EC0-301F-11D3-BF4B-00C04F79EFBC}") = "05. Number 100 - 200", "05. Number 100 - 200\05. Number 100 - 200.csproj", "{21E9988C-39F8-4B91-943B-3AB553EA55A3}"
EndProject
Project("{FAE04EC0-301F-11D3-BF4B-00C04F79EFBC}") = "06. Speed Info", "06. Speed Info\06. Speed Info.csproj", "{750BBB25-6368-47D3-B8E1-F3E2F562EC31}"
EndProject
Project("{FAE04EC0-301F-11D3-BF4B-00C04F79EFBC}") = "07. Area of Figures", "07. Area of Figures\07. Area of Figures.csproj", "{290106BB-0A31-439C-9D43-18043F903EC9}"
EndProject
Global
	GlobalSection(SolutionConfigurationPlatforms) = preSolution
		Debug|Any CPU = Debug|Any CPU
		Release|Any CPU = Release|Any CPU
	EndGlobalSection
	GlobalSection(ProjectConfigurationPlatforms) = postSolution
		{8149219E-74F7-4B11-A751-59C3D5F9EDEE}.Debug|Any CPU.ActiveCfg = Debug|Any CPU
		{8149219E-74F7-4B11-A751-59C3D5F9EDEE}.Debug|Any CPU.Build.0 = Debug|Any CPU
		{8149219E-74F7-4B11-A751-59C3D5F9EDEE}.Release|Any CPU.ActiveCfg = Release|Any CPU
		{8149219E-74F7-4B11-A751-59C3D5F9EDEE}.Release|Any CPU.Build.0 = Release|Any CPU
		{22F60457-4916-488E-8A00-B2CB1A3789E0}.Debug|Any CPU.ActiveCfg = Debug|Any CPU
		{22F60457-4916-488E-8A00-B2CB1A3789E0}.Debug|Any CPU.Build.0 = Debug|Any CPU
		{22F60457-4916-488E-8A00-B2CB1A3789E0}.Release|Any CPU.ActiveCfg = Release|Any CPU
		{22F60457-4916-488E-8A00-B2CB1A3789E0}.Release|Any CPU.Build.0 = Release|Any CPU
		{66E7DB03-7352-4333-B465-1042704FC22F}.Debug|Any CPU.ActiveCfg = Debug|Any CPU
		{66E7DB03-7352-4333-B465-1042704FC22F}.Debug|Any CPU.Build.0 = Debug|Any CPU
		{66E7DB03-7352-4333-B465-1042704FC22F}.Release|Any CPU.ActiveCfg = Release|Any CPU
		{66E7DB03-7352-4333-B465-1042704FC22F}.Release|Any CPU.Build.0 = Release|Any CPU
		{5DCAB0C0-813A-498D-961E-610560989567}.Debug|Any CPU.ActiveCfg = Debug|Any CPU
		{5DCAB0C0-813A-498D-961E-610560989567}.Debug|Any CPU.Build.0 = Debug|Any CPU
		{5DCAB0C0-813A-498D-961E-610560989567}.Release|Any CPU.ActiveCfg = Release|Any CPU
		{5DCAB0C0-813A-498D-961E-610560989567}.Release|Any CPU.Build.0 = Release|Any CPU
		{C2FE18FA-889B-4424-959C-615465E82D9F}.Debug|Any CPU.ActiveCfg = Debug|Any CPU
		{C2FE18FA-889B-4424-959C-615465E82D9F}.Debug|Any CPU.Build.0 = Debug|Any CPU
		{C2FE18FA-889B-4424-959C-615465E82D9F}.Release|Any CPU.ActiveCfg = Release|Any CPU
		{C2FE18FA-889B-4424-959C-615465E82D9F}.Release|Any CPU.Build.0 = Release|Any CPU
		{C69014C7-200F-438A-AA31-8EFEDC2ADDE7}.Debug|Any CPU.ActiveCfg = Debug|Any CPU
		{C69014C7-200F-438A-AA31-8EFEDC2ADDE7}.Debug|Any CPU.Build.0 = Debug|Any CPU
		{C69014C7-200F-438A-AA31-8EFEDC2ADDE7}.Release|Any CPU.ActiveCfg = Release|Any CPU
		{C69014C7-200F-438A-AA31-8EFEDC2ADDE7}.Release|Any CPU.Build.0 = Release|Any CPU
		{21E9988C-39F8-4B91-943B-3AB553EA55A3}.Debug|Any CPU.ActiveCfg = Debug|Any CPU
		{21E9988C-39F8-4B91-943B-3AB553EA55A3}.Debug|Any CPU.Build.0 = Debug|Any CPU
		{21E9988C-39F8-4B91-943B-3AB553EA55A3}.Release|Any CPU.ActiveCfg = Release|Any CPU
		{21E9988C-39F8-4B91-943B-3AB553EA55A3}.Release|Any CPU.Build.0 = Release|Any CPU
		{750BBB25-6368-47D3-B8E1-F3E2F562EC31}.Debug|Any CPU.ActiveCfg = Debug|Any CPU
		{750BBB25-6368-47D3-B8E1-F3E2F562EC31}.Debug|Any CPU.Build.0 = Debug|Any CPU
		{750BBB25-6368-47D3-B8E1-F3E2F562EC31}.Release|Any CPU.ActiveCfg = Release|Any CPU
		{750BBB25-6368-47D3-B8E1-F3E2F562EC31}.Release|Any CPU.Build.0 = Release|Any CPU
		{290106BB-0A31-439C-9D43-18043F903EC9}.Debug|Any CPU.ActiveCfg = Debug|Any CPU
		{290106BB-0A31-439C-9D43-18043F903EC9}.Debug|Any CPU.Build.0 = Debug|Any CPU
		{290106BB-0A31-439C-9D43-18043F903EC9}.Release|Any CPU.ActiveCfg = Release|Any CPU
		{290106BB-0A31-439C-9D43-18043F903EC9}.Release|Any CPU.Build.0 = Release|Any CPU
	EndGlobalSection
	GlobalSection(SolutionProperties) = preSolution
		HideSolutionNode = FALSE
	EndGlobalSection
	GlobalSection(ExtensibilityGlobals) = postSolution
		SolutionGuid = {81233A1A-957D-41DD-8BE4-6D4C7D9BFC08}
	EndGlobalSection
EndGlobal
